{
  "name": "cn-news-hub",
  "version": "1.0.0",
  "lockfileVersion": 3,
  "requires": true,
  "packages": {
    "": {
      "name": "cn-news-hub",
      "version": "1.0.0",
      "dependencies": {
        "astro": "^4.16.0",
        "gray-matter": "^4.0.3",
        "rss-parser": "^3.13.0"
      },
      "engines": {
        "node": ">=20"
      }
    }
  }
}
